
Microsoft Visual Studio Solution File, Format Version 12.00
Project("{FAE04EC0-301F-11D3-BF4B-00C04F79EFBC}") = "Email-IAM", "Email-IAM\Email-IAM.csproj", "{9ED5E485-BC4B-4C81-9D9B-C1AA3D87F88F}"
EndProject
Global
	GlobalSection(SolutionConfigurationPlatforms) = preSolution
		Debug|Any CPU = Debug|Any CPU
		Release|Any CPU = Release|Any CPU
	EndGlobalSection
	GlobalSection(ProjectConfigurationPlatforms) = postSolution
		{9ED5E485-BC4B-4C81-9D9B-C1AA3D87F88F}.Debug|Any CPU.ActiveCfg = Debug|Any CPU
		{9ED5E485-BC4B-4C81-9D9B-C1AA3D87F88F}.Debug|Any CPU.Build.0 = Debug|Any CPU
		{9ED5E485-BC4B-4C81-9D9B-C1AA3D87F88F}.Release|Any CPU.ActiveCfg = Release|Any CPU
		{9ED5E485-BC4B-4C81-9D9B-C1AA3D87F88F}.Release|Any CPU.Build.0 = Release|Any CPU
	EndGlobalSection
EndGlobal
